
Microsoft Visual Studio Solution File, Format Version 12.00
# Visual Studio 2013
VisualStudioVersion = 12.0.31101.0
MinimumVisualStudioVersion = 10.0.40219.1
Project("{FAE04EC0-301F-11D3-BF4B-00C04F79EFBC}") = "CodeEmbed.GitHubClient.Tests", "CodeEmbed.GitHubClient.Tests\CodeEmbed.GitHubClient.Tests.csproj", "{61FF2F1B-F1C1-4480-B6D6-803063D18CD5}"
EndProject
Project("{FAE04EC0-301F-11D3-BF4B-00C04F79EFBC}") = "CodeEmbed.Web.Api", "CodeEmbed.Web.Api\CodeEmbed.Web.Api.csproj", "{B400D6C1-80B6-4BF4-8BCF-3DFA81024326}"
EndProject
Project("{FAE04EC0-301F-11D3-BF4B-00C04F79EFBC}") = "CodeEmbed.Web.Api.Tests", "CodeEmbed.Web.Api.Tests\CodeEmbed.Web.Api.Tests.csproj", "{EBA19781-B2C1-45D4-9E05-E58971F86AB6}"
EndProject
Project("{2150E333-8FDC-42A3-9474-1A3956D46DE8}") = "Solution Items", "Solution Items", "{197F83A0-A55D-4F26-A1C3-73B667CD3E99}"
	ProjectSection(SolutionItems) = preProject
		LICENSE.txt = LICENSE.txt
		README.md = README.md
		packages\repositories.config = packages\repositories.config
		Settings.StyleCop = Settings.StyleCop
	EndProjectSection
EndProject
Project("{2150E333-8FDC-42A3-9474-1A3956D46DE8}") = ".nuget", ".nuget", "{2DB6C571-A129-4CC7-B925-E50647B0DC70}"
	ProjectSection(SolutionItems) = preProject
		.nuget\NuGet.Config = .nuget\NuGet.Config
		.nuget\NuGet.exe = .nuget\NuGet.exe
		.nuget\NuGet.targets = .nuget\NuGet.targets
	EndProjectSection
EndProject
Project("{FAE04EC0-301F-11D3-BF4B-00C04F79EFBC}") = "CodeEmbed.Web.Http", "CodeEmbed.Web.Http\CodeEmbed.Web.Http.csproj", "{67DE14A6-ED41-4C0E-A98F-4A522437266C}"
EndProject
Project("{2150E333-8FDC-42A3-9474-1A3956D46DE8}") = "AppVeyor", "AppVeyor", "{46318556-2CEE-4898-98F4-7AE30EDAF2F4}"
	ProjectSection(SolutionItems) = preProject
		appveyor.yml = appveyor.yml
		beforeBuild.ps1 = beforeBuild.ps1
		codeembed-dev.PublishSettings = codeembed-dev.PublishSettings
		deploy.cmd = deploy.cmd
		publish.rsp = publish.rsp
	EndProjectSection
EndProject
Project("{FAE04EC0-301F-11D3-BF4B-00C04F79EFBC}") = "CodeEmbed.Web.Site", "CodeEmbed.Web.Site\CodeEmbed.Web.Site.csproj", "{B22C57B1-5211-4AEF-B96B-DA165DFFBBF5}"
EndProject
Project("{FAE04EC0-301F-11D3-BF4B-00C04F79EFBC}") = "CodeEmbed.GitHubClient", "CodeEmbed.GitHubClient\CodeEmbed.GitHubClient.csproj", "{66479F3B-F2B8-484D-8192-0089694A0311}"
EndProject
Global
	GlobalSection(SolutionConfigurationPlatforms) = preSolution
		Debug|Any CPU = Debug|Any CPU
		Release|Any CPU = Release|Any CPU
	EndGlobalSection
	GlobalSection(ProjectConfigurationPlatforms) = postSolution
		{61FF2F1B-F1C1-4480-B6D6-803063D18CD5}.Debug|Any CPU.ActiveCfg = Debug|Any CPU
		{61FF2F1B-F1C1-4480-B6D6-803063D18CD5}.Debug|Any CPU.Build.0 = Debug|Any CPU
		{61FF2F1B-F1C1-4480-B6D6-803063D18CD5}.Release|Any CPU.ActiveCfg = Release|Any CPU
		{61FF2F1B-F1C1-4480-B6D6-803063D18CD5}.Release|Any CPU.Build.0 = Release|Any CPU
		{B400D6C1-80B6-4BF4-8BCF-3DFA81024326}.Debug|Any CPU.ActiveCfg = Debug|Any CPU
		{B400D6C1-80B6-4BF4-8BCF-3DFA81024326}.Debug|Any CPU.Build.0 = Debug|Any CPU
		{B400D6C1-80B6-4BF4-8BCF-3DFA81024326}.Release|Any CPU.ActiveCfg = Release|Any CPU
		{B400D6C1-80B6-4BF4-8BCF-3DFA81024326}.Release|Any CPU.Build.0 = Release|Any CPU
		{EBA19781-B2C1-45D4-9E05-E58971F86AB6}.Debug|Any CPU.ActiveCfg = Debug|Any CPU
		{EBA19781-B2C1-45D4-9E05-E58971F86AB6}.Debug|Any CPU.Build.0 = Debug|Any CPU
		{EBA19781-B2C1-45D4-9E05-E58971F86AB6}.Release|Any CPU.ActiveCfg = Release|Any CPU
		{EBA19781-B2C1-45D4-9E05-E58971F86AB6}.Release|Any CPU.Build.0 = Release|Any CPU
		{67DE14A6-ED41-4C0E-A98F-4A522437266C}.Debug|Any CPU.ActiveCfg = Debug|Any CPU
		{67DE14A6-ED41-4C0E-A98F-4A522437266C}.Debug|Any CPU.Build.0 = Debug|Any CPU
		{67DE14A6-ED41-4C0E-A98F-4A522437266C}.Release|Any CPU.ActiveCfg = Release|Any CPU
		{67DE14A6-ED41-4C0E-A98F-4A522437266C}.Release|Any CPU.Build.0 = Release|Any CPU
		{B22C57B1-5211-4AEF-B96B-DA165DFFBBF5}.Debug|Any CPU.ActiveCfg = Debug|Any CPU
		{B22C57B1-5211-4AEF-B96B-DA165DFFBBF5}.Debug|Any CPU.Build.0 = Debug|Any CPU
		{B22C57B1-5211-4AEF-B96B-DA165DFFBBF5}.Release|Any CPU.ActiveCfg = Release|Any CPU
		{B22C57B1-5211-4AEF-B96B-DA165DFFBBF5}.Release|Any CPU.Build.0 = Release|Any CPU
		{66479F3B-F2B8-484D-8192-0089694A0311}.Debug|Any CPU.ActiveCfg = Debug|Any CPU
		{66479F3B-F2B8-484D-8192-0089694A0311}.Debug|Any CPU.Build.0 = Debug|Any CPU
		{66479F3B-F2B8-484D-8192-0089694A0311}.Release|Any CPU.ActiveCfg = Release|Any CPU
		{66479F3B-F2B8-484D-8192-0089694A0311}.Release|Any CPU.Build.0 = Release|Any CPU
	EndGlobalSection
	GlobalSection(SolutionProperties) = preSolution
		HideSolutionNode = FALSE
	EndGlobalSection
EndGlobal
